
Microsoft Visual Studio Solution File, Format Version 12.00
# Visual Studio Version 16
VisualStudioVersion = 16.0.31727.386
MinimumVisualStudioVersion = 10.0.40219.1
Project("{FAE04EC0-301F-11D3-BF4B-00C04F79EFBC}") = "Bank", "Bank\Bank.csproj", "{07D196D2-D7C6-463B-9B70-0383BE63E7F6}"
EndProject
Global
	GlobalSection(SolutionConfigurationPlatforms) = preSolution
		Debug|Any CPU = Debug|Any CPU
		Release|Any CPU = Release|Any CPU
	EndGlobalSection
	GlobalSection(ProjectConfigurationPlatforms) = postSolution
		{07D196D2-D7C6-463B-9B70-0383BE63E7F6}.Debug|Any CPU.ActiveCfg = Debug|Any CPU
		{07D196D2-D7C6-463B-9B70-0383BE63E7F6}.Debug|Any CPU.Build.0 = Debug|Any CPU
		{07D196D2-D7C6-463B-9B70-0383BE63E7F6}.Release|Any CPU.ActiveCfg = Release|Any CPU
		{07D196D2-D7C6-463B-9B70-0383BE63E7F6}.Release|Any CPU.Build.0 = Release|Any CPU
	EndGlobalSection
	GlobalSection(SolutionProperties) = preSolution
		HideSolutionNode = FALSE
	EndGlobalSection
	GlobalSection(ExtensibilityGlobals) = postSolution
		SolutionGuid = {01FB4CF0-E56D-4BCA-9008-FA0A06AF15F9}
	EndGlobalSection
EndGlobal
